
Microsoft Visual Studio Solution File, Format Version 12.00
# Visual Studio Version 17
VisualStudioVersion = 17.5.002.0
MinimumVisualStudioVersion = 10.0.40219.1
Project("{9A19103F-16F7-4668-BE54-9A1E7A4F7556}") = "c-sharp-2part-microsfot-courd", "c-sharp-2part-microsfot-courd.csproj", "{7C3BD00E-0FF5-49E7-9FE3-43AFC14A38A5}"
EndProject
Global
	GlobalSection(SolutionConfigurationPlatforms) = preSolution
		Debug|Any CPU = Debug|Any CPU
		Release|Any CPU = Release|Any CPU
	EndGlobalSection
	GlobalSection(ProjectConfigurationPlatforms) = postSolution
		{7C3BD00E-0FF5-49E7-9FE3-43AFC14A38A5}.Debug|Any CPU.ActiveCfg = Debug|Any CPU
		{7C3BD00E-0FF5-49E7-9FE3-43AFC14A38A5}.Debug|Any CPU.Build.0 = Debug|Any CPU
		{7C3BD00E-0FF5-49E7-9FE3-43AFC14A38A5}.Release|Any CPU.ActiveCfg = Release|Any CPU
		{7C3BD00E-0FF5-49E7-9FE3-43AFC14A38A5}.Release|Any CPU.Build.0 = Release|Any CPU
	EndGlobalSection
	GlobalSection(SolutionProperties) = preSolution
		HideSolutionNode = FALSE
	EndGlobalSection
	GlobalSection(ExtensibilityGlobals) = postSolution
		SolutionGuid = {10F6B247-4CFE-480F-9495-09BC083F09CE}
	EndGlobalSection
EndGlobal
